
Microsoft Visual Studio Solution File, Format Version 12.00
# Visual Studio Version 16
VisualStudioVersion = 16.0.32510.428
MinimumVisualStudioVersion = 10.0.40219.1
Project("{9A19103F-16F7-4668-BE54-9A1E7A4F7556}") = "StateProvinceApp", "StateProvinceApp.csproj", "{ED989DBF-CDB6-4743-918B-7D517BC4873A}"
EndProject
Project("{00D1A9C2-B5F0-4AF3-8072-F6C62B433612}") = "adventureworks2014-db", "..\..\db\adventureworks2014-db\adventureworks2014-db\adventureworks2014-db.sqlproj", "{8CE576DB-8017-47F3-B994-8881175C3974}"
EndProject
Global
	GlobalSection(SolutionConfigurationPlatforms) = preSolution
		Debug|Any CPU = Debug|Any CPU
		Release|Any CPU = Release|Any CPU
	EndGlobalSection
	GlobalSection(ProjectConfigurationPlatforms) = postSolution
		{ED989DBF-CDB6-4743-918B-7D517BC4873A}.Debug|Any CPU.ActiveCfg = Debug|Any CPU
		{ED989DBF-CDB6-4743-918B-7D517BC4873A}.Debug|Any CPU.Build.0 = Debug|Any CPU
		{ED989DBF-CDB6-4743-918B-7D517BC4873A}.Release|Any CPU.ActiveCfg = Release|Any CPU
		{ED989DBF-CDB6-4743-918B-7D517BC4873A}.Release|Any CPU.Build.0 = Release|Any CPU
		{8CE576DB-8017-47F3-B994-8881175C3974}.Debug|Any CPU.ActiveCfg = Debug|Any CPU
		{8CE576DB-8017-47F3-B994-8881175C3974}.Debug|Any CPU.Build.0 = Debug|Any CPU
		{8CE576DB-8017-47F3-B994-8881175C3974}.Debug|Any CPU.Deploy.0 = Debug|Any CPU
		{8CE576DB-8017-47F3-B994-8881175C3974}.Release|Any CPU.ActiveCfg = Release|Any CPU
		{8CE576DB-8017-47F3-B994-8881175C3974}.Release|Any CPU.Build.0 = Release|Any CPU
		{8CE576DB-8017-47F3-B994-8881175C3974}.Release|Any CPU.Deploy.0 = Release|Any CPU
	EndGlobalSection
	GlobalSection(SolutionProperties) = preSolution
		HideSolutionNode = FALSE
	EndGlobalSection
	GlobalSection(ExtensibilityGlobals) = postSolution
		SolutionGuid = {74D83962-0B48-4255-9189-1F854F1C5C7D}
	EndGlobalSection
EndGlobal
