
Microsoft Visual Studio Solution File, Format Version 12.00
# Visual Studio Version 16
VisualStudioVersion = 16.0.31313.79
MinimumVisualStudioVersion = 10.0.40219.1
Project("{FAE04EC0-301F-11D3-BF4B-00C04F79EFBC}") = "tdd-intro", "tdd-intro\tdd-intro.csproj", "{78CE5871-94F4-4B7E-A88C-43B44D4A07A8}"
EndProject
Project("{FAE04EC0-301F-11D3-BF4B-00C04F79EFBC}") = "tdd-introTests", "tdd-introTests\tdd-introTests.csproj", "{A73C73E0-F86B-467D-B6AF-143E5782700C}"
EndProject
Global
	GlobalSection(SolutionConfigurationPlatforms) = preSolution
		Debug|Any CPU = Debug|Any CPU
		Release|Any CPU = Release|Any CPU
	EndGlobalSection
	GlobalSection(ProjectConfigurationPlatforms) = postSolution
		{78CE5871-94F4-4B7E-A88C-43B44D4A07A8}.Debug|Any CPU.ActiveCfg = Debug|Any CPU
		{78CE5871-94F4-4B7E-A88C-43B44D4A07A8}.Debug|Any CPU.Build.0 = Debug|Any CPU
		{78CE5871-94F4-4B7E-A88C-43B44D4A07A8}.Release|Any CPU.ActiveCfg = Release|Any CPU
		{78CE5871-94F4-4B7E-A88C-43B44D4A07A8}.Release|Any CPU.Build.0 = Release|Any CPU
		{A73C73E0-F86B-467D-B6AF-143E5782700C}.Debug|Any CPU.ActiveCfg = Debug|Any CPU
		{A73C73E0-F86B-467D-B6AF-143E5782700C}.Debug|Any CPU.Build.0 = Debug|Any CPU
		{A73C73E0-F86B-467D-B6AF-143E5782700C}.Release|Any CPU.ActiveCfg = Release|Any CPU
		{A73C73E0-F86B-467D-B6AF-143E5782700C}.Release|Any CPU.Build.0 = Release|Any CPU
	EndGlobalSection
	GlobalSection(SolutionProperties) = preSolution
		HideSolutionNode = FALSE
	EndGlobalSection
	GlobalSection(ExtensibilityGlobals) = postSolution
		SolutionGuid = {446DA2C7-E21F-4538-9FA2-86E36477743C}
	EndGlobalSection
EndGlobal
