
Microsoft Visual Studio Solution File, Format Version 12.00
# Visual Studio Version 16
VisualStudioVersion = 16.0.32510.428
MinimumVisualStudioVersion = 10.0.40219.1
Project("{00D1A9C2-B5F0-4AF3-8072-F6C62B433612}") = "adventureworks2014-db", "adventureworks2014-db\adventureworks2014-db.sqlproj", "{8CE576DB-8017-47F3-B994-8881175C3974}"
EndProject
Global
	GlobalSection(SolutionConfigurationPlatforms) = preSolution
		Debug|Any CPU = Debug|Any CPU
		Release|Any CPU = Release|Any CPU
	EndGlobalSection
	GlobalSection(ProjectConfigurationPlatforms) = postSolution
		{8CE576DB-8017-47F3-B994-8881175C3974}.Debug|Any CPU.ActiveCfg = Debug|Any CPU
		{8CE576DB-8017-47F3-B994-8881175C3974}.Debug|Any CPU.Build.0 = Debug|Any CPU
		{8CE576DB-8017-47F3-B994-8881175C3974}.Debug|Any CPU.Deploy.0 = Debug|Any CPU
		{8CE576DB-8017-47F3-B994-8881175C3974}.Release|Any CPU.ActiveCfg = Release|Any CPU
		{8CE576DB-8017-47F3-B994-8881175C3974}.Release|Any CPU.Build.0 = Release|Any CPU
		{8CE576DB-8017-47F3-B994-8881175C3974}.Release|Any CPU.Deploy.0 = Release|Any CPU
	EndGlobalSection
	GlobalSection(SolutionProperties) = preSolution
		HideSolutionNode = FALSE
	EndGlobalSection
	GlobalSection(ExtensibilityGlobals) = postSolution
		SolutionGuid = {72B73953-3B3F-4BFA-A84F-96340587EC1C}
	EndGlobalSection
EndGlobal
